PODS:
  - Alamofire (4.7.0)
  - Starscream (3.0.4)

DEPENDENCIES:
  - Alamofire (~> 4.7)
  - Starscream (~> 3.0.2)

SPEC CHECKSUMS:
  Alamofire: 907e0a98eb68cdb7f9d1f541a563d6ac5dc77b25
  Starscream: f5da93fe6984c77b694366bf7299b7dc63a76f26

PODFILE CHECKSUM: 057d6fa56287026c4071b17ad8a43439fd1a0d9b

COCOAPODS: 1.4.0
